# THIS IS AN AUTOGENERATED FILE. DO NOT EDIT THIS FILE DIRECTLY.
# yarn lockfile v1


aws-iot-device-sdk@^1.0.14:
  version "1.0.14"
  resolved "https://registry.yarnpkg.com/aws-iot-device-sdk/-/aws-iot-device-sdk-1.0.14.tgz#87987dcc344ea6f4d88f4e15467cc6fefc7f2b77"
  dependencies:
    crypto-js "3.1.6"
    minimist "1.2.0"
    mqtt "1.11.2"
    websocket-stream "^3.1.0"

bl@^0.9.1:
  version "0.9.5"
  resolved "https://registry.yarnpkg.com/bl/-/bl-0.9.5.tgz#c06b797af085ea00bc527afc8efcf11de2232054"
  dependencies:
    readable-stream "~1.0.26"

buffer-shims@^1.0.0:
  version "1.0.0"
  resolved "https://registry.yarnpkg.com/buffer-shims/-/buffer-shims-1.0.0.tgz#9978ce317388c649ad8793028c3477ef044a8b51"

commist@^1.0.0:
  version "1.0.0"
  resolved "https://registry.yarnpkg.com/commist/-/commist-1.0.0.tgz#c0c352501cf6f52e9124e3ef89c9806e2022ebef"
  dependencies:
    leven "^1.0.0"
    minimist "^1.1.0"

concat-stream@^1.4.7:
  version "1.6.0"
  resolved "https://registry.yarnpkg.com/concat-stream/-/concat-stream-1.6.0.tgz#0aac662fd52be78964d5532f694784e70110acf7"
  dependencies:
    inherits "^2.0.3"
    readable-stream "^2.2.2"
    typedarray "^0.0.6"

core-util-is@~1.0.0:
  version "1.0.2"
  resolved "https://registry.yarnpkg.com/core-util-is/-/core-util-is-1.0.2.tgz#b5fd54220aa2bc5ab57aab7140c940754503c1a7"

crypto-js@3.1.6:
  version "3.1.6"
  resolved "https://registry.yarnpkg.com/crypto-js/-/crypto-js-3.1.6.tgz#6142651b232dbb8ebdfa9716a70a2888359da6c9"

duplexify@^3.2.0:
  version "3.5.0"
  resolved "https://registry.yarnpkg.com/duplexify/-/duplexify-3.5.0.tgz#1aa773002e1578457e9d9d4a50b0ccaaebcbd604"
  dependencies:
    end-of-stream "1.0.0"
    inherits "^2.0.1"
    readable-stream "^2.0.0"
    stream-shift "^1.0.0"

edison-environment@^1.0.0:
  version "1.0.0"
  resolved "https://registry.yarnpkg.com/edison-environment/-/edison-environment-1.0.0.tgz#013aaf3feac32ea92000971b137822e73a613d6d"

end-of-stream@1.0.0:
  version "1.0.0"
  resolved "https://registry.yarnpkg.com/end-of-stream/-/end-of-stream-1.0.0.tgz#d4596e702734a93e40e9af864319eabd99ff2f0e"
  dependencies:
    once "~1.3.0"

end-of-stream@^1.1.0:
  version "1.4.0"
  resolved "https://registry.yarnpkg.com/end-of-stream/-/end-of-stream-1.4.0.tgz#7a90d833efda6cfa6eac0f4949dbb0fad3a63206"
  dependencies:
    once "^1.4.0"

help-me@^0.1.0:
  version "0.1.0"
  resolved "https://registry.yarnpkg.com/help-me/-/help-me-0.1.0.tgz#0fb3a40537ad5265b6b49413022c60d35b49539a"
  dependencies:
    concat-stream "^1.4.7"
    pump "^1.0.0"
    readable-stream "^1.0.33"
    xtend "^4.0.0"

inherits@^2.0.1, inherits@^2.0.3, inherits@~2.0.1:
  version "2.0.3"
  resolved "https://registry.yarnpkg.com/inherits/-/inherits-2.0.3.tgz#633c2c83e3da42a502f52466022480f4208261de"

isarray@0.0.1:
  version "0.0.1"
  resolved "https://registry.yarnpkg.com/isarray/-/isarray-0.0.1.tgz#8a18acfca9a8f4177e09abfc6038939b05d1eedf"

isarray@~1.0.0:
  version "1.0.0"
  resolved "https://registry.yarnpkg.com/isarray/-/isarray-1.0.0.tgz#bb935d48582cba168c06834957a54a3e07124f11"

leven@^1.0.0:
  version "1.0.2"
  resolved "https://registry.yarnpkg.com/leven/-/leven-1.0.2.tgz#9144b6eebca5f1d0680169f1a6770dcea60b75c3"

minimist@1.2.0, minimist@^1.1.0:
  version "1.2.0"
  resolved "https://registry.yarnpkg.com/minimist/-/minimist-1.2.0.tgz#a35008b20f41383eec1fb914f4cd5df79a264284"

mqtt-connection@^2.0.0:
  version "2.1.1"
  resolved "https://registry.yarnpkg.com/mqtt-connection/-/mqtt-connection-2.1.1.tgz#7b2e985a74e196619430bebd35da162c34c4e56a"
  dependencies:
    inherits "^2.0.1"
    mqtt-packet "^3.0.0"
    reduplexer "^1.1.0"
    through2 "^0.6.3"

mqtt-packet@^3.0.0, mqtt-packet@^3.4.7:
  version "3.4.8"
  resolved "https://registry.yarnpkg.com/mqtt-packet/-/mqtt-packet-3.4.8.tgz#965774aa45952f16392f9accaac5d0bf511fa1a5"
  dependencies:
    bl "^0.9.1"
    inherits "^2.0.1"

mqtt@1.11.2:
  version "1.11.2"
  resolved "https://registry.yarnpkg.com/mqtt/-/mqtt-1.11.2.tgz#f4cfc3ad51da9003566cf75850414d34f30e2ac7"
  dependencies:
    commist "^1.0.0"
    concat-stream "^1.4.7"
    end-of-stream "^1.1.0"
    help-me "^0.1.0"
    inherits "^2.0.1"
    minimist "^1.1.0"
    mqtt-connection "^2.0.0"
    mqtt-packet "^3.4.7"
    pump "^1.0.1"
    readable-stream "~1.0.2"
    reinterval "^1.0.1"
    split2 "^2.0.1"
    websocket-stream "^3.0.1"
    xtend "^4.0.0"

once@^1.3.1, once@^1.4.0:
  version "1.4.0"
  resolved "https://registry.yarnpkg.com/once/-/once-1.4.0.tgz#583b1aa775961d4b113ac17d9c50baef9dd76bd1"
  dependencies:
    wrappy "1"

once@~1.3.0:
  version "1.3.3"
  resolved "https://registry.yarnpkg.com/once/-/once-1.3.3.tgz#b2e261557ce4c314ec8304f3fa82663e4297ca20"
  dependencies:
    wrappy "1"

options@>=0.0.5:
  version "0.0.6"
  resolved "https://registry.yarnpkg.com/options/-/options-0.0.6.tgz#ec22d312806bb53e731773e7cdaefcf1c643128f"

process-nextick-args@~1.0.6:
  version "1.0.7"
  resolved "https://registry.yarnpkg.com/process-nextick-args/-/process-nextick-args-1.0.7.tgz#150e20b756590ad3f91093f25a4f2ad8bff30ba3"

pump@^1.0.0, pump@^1.0.1:
  version "1.0.2"
  resolved "https://registry.yarnpkg.com/pump/-/pump-1.0.2.tgz#3b3ee6512f94f0e575538c17995f9f16990a5d51"
  dependencies:
    end-of-stream "^1.1.0"
    once "^1.3.1"

"readable-stream@>=1.0.33-1 <1.1.0-0", readable-stream@^1.0.33, readable-stream@~1.0.2, readable-stream@~1.0.26, readable-stream@~1.0.26-2:
  version "1.0.34"
  resolved "https://registry.yarnpkg.com/readable-stream/-/readable-stream-1.0.34.tgz#125820e34bc842d2f2aaafafe4c2916ee32c157c"
  dependencies:
    core-util-is "~1.0.0"
    inherits "~2.0.1"
    isarray "0.0.1"
    string_decoder "~0.10.x"

readable-stream@^2.0.0, readable-stream@^2.1.5, readable-stream@^2.2.2:
  version "2.2.6"
  resolved "https://registry.yarnpkg.com/readable-stream/-/readable-stream-2.2.6.tgz#8b43aed76e71483938d12a8d46c6cf1a00b1f816"
  dependencies:
    buffer-shims "^1.0.0"
    core-util-is "~1.0.0"
    inherits "~2.0.1"
    isarray "~1.0.0"
    process-nextick-args "~1.0.6"
    string_decoder "~0.10.x"
    util-deprecate "~1.0.1"

reduplexer@^1.1.0:
  version "1.1.0"
  resolved "https://registry.yarnpkg.com/reduplexer/-/reduplexer-1.1.0.tgz#7dfed18a679e749c1d7ad36de01acb515f08e140"
  dependencies:
    inherits "^2.0.1"
    readable-stream "~1.0.26-2"

reinterval@^1.0.1:
  version "1.1.0"
  resolved "https://registry.yarnpkg.com/reinterval/-/reinterval-1.1.0.tgz#3361ecfa3ca6c18283380dd0bb9546f390f5ece7"

split2@^2.0.1:
  version "2.1.1"
  resolved "https://registry.yarnpkg.com/split2/-/split2-2.1.1.tgz#7a1f551e176a90ecd3345f7246a0cfe175ef4fd0"
  dependencies:
    through2 "^2.0.2"

stream-shift@^1.0.0:
  version "1.0.0"
  resolved "https://registry.yarnpkg.com/stream-shift/-/stream-shift-1.0.0.tgz#d5c752825e5367e786f78e18e445ea223a155952"

string_decoder@~0.10.x:
  version "0.10.31"
  resolved "https://registry.yarnpkg.com/string_decoder/-/string_decoder-0.10.31.tgz#62e203bc41766c6c28c9fc84301dab1c5310fa94"

through2@^0.6.3:
  version "0.6.5"
  resolved "https://registry.yarnpkg.com/through2/-/through2-0.6.5.tgz#41ab9c67b29d57209071410e1d7a7a968cd3ad48"
  dependencies:
    readable-stream ">=1.0.33-1 <1.1.0-0"
    xtend ">=4.0.0 <4.1.0-0"

through2@^2.0.0, through2@^2.0.2:
  version "2.0.3"
  resolved "https://registry.yarnpkg.com/through2/-/through2-2.0.3.tgz#0004569b37c7c74ba39c43f3ced78d1ad94140be"
  dependencies:
    readable-stream "^2.1.5"
    xtend "~4.0.1"

typedarray@^0.0.6:
  version "0.0.6"
  resolved "https://registry.yarnpkg.com/typedarray/-/typedarray-0.0.6.tgz#867ac74e3864187b1d3d47d996a78ec5c8830777"

ultron@1.0.x:
  version "1.0.2"
  resolved "https://registry.yarnpkg.com/ultron/-/ultron-1.0.2.tgz#ace116ab557cd197386a4e88f4685378c8b2e4fa"

util-deprecate@~1.0.1:
  version "1.0.2"
  resolved "https://registry.yarnpkg.com/util-deprecate/-/util-deprecate-1.0.2.tgz#450d4dc9fa70de732762fbd2d4a28981419a0ccf"

websocket-stream@^3.0.1, websocket-stream@^3.1.0:
  version "3.3.3"
  resolved "https://registry.yarnpkg.com/websocket-stream/-/websocket-stream-3.3.3.tgz#361da5404a337e60cfbc29b4a46368762679df0b"
  dependencies:
    duplexify "^3.2.0"
    inherits "^2.0.1"
    through2 "^2.0.0"
    ws "^1.0.1"
    xtend "^4.0.0"

wrappy@1:
  version "1.0.2"
  resolved "https://registry.yarnpkg.com/wrappy/-/wrappy-1.0.2.tgz#b5243d8f3ec1aa35f1364605bc0d1036e30ab69f"

ws@^1.0.1:
  version "1.1.4"
  resolved "https://registry.yarnpkg.com/ws/-/ws-1.1.4.tgz#57f40d036832e5f5055662a397c4de76ed66bf61"
  dependencies:
    options ">=0.0.5"
    ultron "1.0.x"

"xtend@>=4.0.0 <4.1.0-0", xtend@^4.0.0, xtend@~4.0.1:
  version "4.0.1"
  resolved "https://registry.yarnpkg.com/xtend/-/xtend-4.0.1.tgz#a5c6d532be656e23db820efb943a1f04998d63af"
